
Microsoft Visual Studio Solution File, Format Version 12.00
# Visual Studio Version 16
VisualStudioVersion = 16.0.30406.217
MinimumVisualStudioVersion = 10.0.40219.1
Project("{FAE04EC0-301F-11D3-BF4B-00C04F79EFBC}") = "Ejercicio1", "Ejercicio1\Ejercicio1.csproj", "{2A690812-CAEA-45E6-92A2-A0F8B447D70E}"
EndProject
Project("{FAE04EC0-301F-11D3-BF4B-00C04F79EFBC}") = "Ejercicio2", "Ejercicio2\Ejercicio2.csproj", "{6A250A60-DA57-4878-8C74-0BFFB02E8882}"
EndProject
Global
	GlobalSection(SolutionConfigurationPlatforms) = preSolution
		Debug|Any CPU = Debug|Any CPU
		Release|Any CPU = Release|Any CPU
	EndGlobalSection
	GlobalSection(ProjectConfigurationPlatforms) = postSolution
		{2A690812-CAEA-45E6-92A2-A0F8B447D70E}.Debug|Any CPU.ActiveCfg = Debug|Any CPU
		{2A690812-CAEA-45E6-92A2-A0F8B447D70E}.Debug|Any CPU.Build.0 = Debug|Any CPU
		{2A690812-CAEA-45E6-92A2-A0F8B447D70E}.Release|Any CPU.ActiveCfg = Release|Any CPU
		{2A690812-CAEA-45E6-92A2-A0F8B447D70E}.Release|Any CPU.Build.0 = Release|Any CPU
		{6A250A60-DA57-4878-8C74-0BFFB02E8882}.Debug|Any CPU.ActiveCfg = Debug|Any CPU
		{6A250A60-DA57-4878-8C74-0BFFB02E8882}.Debug|Any CPU.Build.0 = Debug|Any CPU
		{6A250A60-DA57-4878-8C74-0BFFB02E8882}.Release|Any CPU.ActiveCfg = Release|Any CPU
		{6A250A60-DA57-4878-8C74-0BFFB02E8882}.Release|Any CPU.Build.0 = Release|Any CPU
	EndGlobalSection
	GlobalSection(SolutionProperties) = preSolution
		HideSolutionNode = FALSE
	EndGlobalSection
	GlobalSection(ExtensibilityGlobals) = postSolution
		SolutionGuid = {939A4D73-ED15-4B6E-B148-EEEDF26E069B}
	EndGlobalSection
EndGlobal
